
Microsoft Visual Studio Solution File, Format Version 12.00
# Visual Studio Version 17
VisualStudioVersion = 17.5.33516.290
MinimumVisualStudioVersion = 10.0.40219.1
Project("{9A19103F-16F7-4668-BE54-9A1E7A4F7556}") = "TDD", "TDD\TDD.csproj", "{A61B98DE-CEEC-4098-B3BA-5228C2C4FA81}"
EndProject
Project("{9A19103F-16F7-4668-BE54-9A1E7A4F7556}") = "Test#1", "Test#1\Test#1.csproj", "{FC4CE6D5-EEF5-4B31-A502-AAA1662B2EAB}"
EndProject
Project("{9A19103F-16F7-4668-BE54-9A1E7A4F7556}") = "Test#2", "Test#2\Test#2.csproj", "{2073F531-7AAA-4876-B492-9F2026866E4E}"
EndProject
Project("{9A19103F-16F7-4668-BE54-9A1E7A4F7556}") = "Test#3", "Test#3\Test#3.csproj", "{95F4FCE4-75D4-4643-9DD7-995B71563B9A}"
EndProject
Project("{9A19103F-16F7-4668-BE54-9A1E7A4F7556}") = "Test#4", "Test#4\Test#4.csproj", "{44203486-348C-4614-B4B3-BAECDEB52F14}"
EndProject
Project("{FAE04EC0-301F-11D3-BF4B-00C04F79EFBC}") = "API1", "API1\API1.csproj", "{DB72C1B5-E578-4CFB-843A-6012CC413B9D}"
EndProject
Project("{FAE04EC0-301F-11D3-BF4B-00C04F79EFBC}") = "TDD2", "TDD2\TDD2.csproj", "{E430ADBC-9D6F-4557-B38F-309CBC2E82B7}"
EndProject
Project("{FAE04EC0-301F-11D3-BF4B-00C04F79EFBC}") = "API2", "API2\API2.csproj", "{C6D84265-C400-458F-BC47-315C1F3F310B}"
EndProject
Global
	GlobalSection(SolutionConfigurationPlatforms) = preSolution
		Debug|Any CPU = Debug|Any CPU
		Release|Any CPU = Release|Any CPU
	EndGlobalSection
	GlobalSection(ProjectConfigurationPlatforms) = postSolution
		{A61B98DE-CEEC-4098-B3BA-5228C2C4FA81}.Debug|Any CPU.ActiveCfg = Debug|Any CPU
		{A61B98DE-CEEC-4098-B3BA-5228C2C4FA81}.Debug|Any CPU.Build.0 = Debug|Any CPU
		{A61B98DE-CEEC-4098-B3BA-5228C2C4FA81}.Release|Any CPU.ActiveCfg = Release|Any CPU
		{A61B98DE-CEEC-4098-B3BA-5228C2C4FA81}.Release|Any CPU.Build.0 = Release|Any CPU
		{FC4CE6D5-EEF5-4B31-A502-AAA1662B2EAB}.Debug|Any CPU.ActiveCfg = Debug|Any CPU
		{FC4CE6D5-EEF5-4B31-A502-AAA1662B2EAB}.Debug|Any CPU.Build.0 = Debug|Any CPU
		{FC4CE6D5-EEF5-4B31-A502-AAA1662B2EAB}.Release|Any CPU.ActiveCfg = Release|Any CPU
		{FC4CE6D5-EEF5-4B31-A502-AAA1662B2EAB}.Release|Any CPU.Build.0 = Release|Any CPU
		{2073F531-7AAA-4876-B492-9F2026866E4E}.Debug|Any CPU.ActiveCfg = Debug|Any CPU
		{2073F531-7AAA-4876-B492-9F2026866E4E}.Debug|Any CPU.Build.0 = Debug|Any CPU
		{2073F531-7AAA-4876-B492-9F2026866E4E}.Release|Any CPU.ActiveCfg = Release|Any CPU
		{2073F531-7AAA-4876-B492-9F2026866E4E}.Release|Any CPU.Build.0 = Release|Any CPU
		{95F4FCE4-75D4-4643-9DD7-995B71563B9A}.Debug|Any CPU.ActiveCfg = Debug|Any CPU
		{95F4FCE4-75D4-4643-9DD7-995B71563B9A}.Debug|Any CPU.Build.0 = Debug|Any CPU
		{95F4FCE4-75D4-4643-9DD7-995B71563B9A}.Release|Any CPU.ActiveCfg = Release|Any CPU
		{95F4FCE4-75D4-4643-9DD7-995B71563B9A}.Release|Any CPU.Build.0 = Release|Any CPU
		{44203486-348C-4614-B4B3-BAECDEB52F14}.Debug|Any CPU.ActiveCfg = Debug|Any CPU
		{44203486-348C-4614-B4B3-BAECDEB52F14}.Debug|Any CPU.Build.0 = Debug|Any CPU
		{44203486-348C-4614-B4B3-BAECDEB52F14}.Release|Any CPU.ActiveCfg = Release|Any CPU
		{44203486-348C-4614-B4B3-BAECDEB52F14}.Release|Any CPU.Build.0 = Release|Any CPU
		{DB72C1B5-E578-4CFB-843A-6012CC413B9D}.Debug|Any CPU.ActiveCfg = Debug|Any CPU
		{DB72C1B5-E578-4CFB-843A-6012CC413B9D}.Debug|Any CPU.Build.0 = Debug|Any CPU
		{DB72C1B5-E578-4CFB-843A-6012CC413B9D}.Release|Any CPU.ActiveCfg = Release|Any CPU
		{DB72C1B5-E578-4CFB-843A-6012CC413B9D}.Release|Any CPU.Build.0 = Release|Any CPU
		{E430ADBC-9D6F-4557-B38F-309CBC2E82B7}.Debug|Any CPU.ActiveCfg = Debug|Any CPU
		{E430ADBC-9D6F-4557-B38F-309CBC2E82B7}.Debug|Any CPU.Build.0 = Debug|Any CPU
		{E430ADBC-9D6F-4557-B38F-309CBC2E82B7}.Release|Any CPU.ActiveCfg = Release|Any CPU
		{E430ADBC-9D6F-4557-B38F-309CBC2E82B7}.Release|Any CPU.Build.0 = Release|Any CPU
		{C6D84265-C400-458F-BC47-315C1F3F310B}.Debug|Any CPU.ActiveCfg = Debug|Any CPU
		{C6D84265-C400-458F-BC47-315C1F3F310B}.Debug|Any CPU.Build.0 = Debug|Any CPU
		{C6D84265-C400-458F-BC47-315C1F3F310B}.Release|Any CPU.ActiveCfg = Release|Any CPU
		{C6D84265-C400-458F-BC47-315C1F3F310B}.Release|Any CPU.Build.0 = Release|Any CPU
	EndGlobalSection
	GlobalSection(SolutionProperties) = preSolution
		HideSolutionNode = FALSE
	EndGlobalSection
	GlobalSection(ExtensibilityGlobals) = postSolution
		SolutionGuid = {E1F0C687-3F18-4967-A71C-FE71C325C0F4}
	EndGlobalSection
EndGlobal
